{
  "lockfileVersion": 1,
  "configVersion": 1,
  "workspaces": {
    "": {
      "name": "cliget-chrome",
      "devDependencies": {
        "@types/bun": "^1.2.9",
        "@types/chrome": "^0.0.287",
        "oxlint": "^0.16.6",
        "typescript": "^5.7.3",
      },
    },
  },
  "packages": {
    "@oxlint/darwin-arm64": ["@oxlint/darwin-arm64@0.16.12", "", { "os": "darwin", "cpu": "arm64" }, "sha512-G7phYhlIA4ke2nW7tHLl+E5+rvdzgGA6830D+e+y1RGllT0w2ONGdKcVTj+2pXGCw6yPmCC5fDsDEn2+RPTfxg=="],

    "@oxlint/darwin-x64": ["@oxlint/darwin-x64@0.16.12", "", { "os": "darwin", "cpu": "x64" }, "sha512-P/LSOgJ6SzQ3OKEIf3HsebgokZiZ5nDuTgIL4LpNCHlkOLDu/fT8XL9pSkR5y+60v0SOxUF/+aN0Q8EmxblrCw=="],

    "@oxlint/linux-arm64-gnu": ["@oxlint/linux-arm64-gnu@0.16.12", "", { "os": "linux", "cpu": "arm64" }, "sha512-0N/ZsW+cL7ZAUvOHbzMp3iApt5b/Q81q2e9RgEzkI6gUDCJK8/blWg0se/i6y9e24WH0ZC4bcxY1+Qz4ZQ+mFw=="],

    "@oxlint/linux-arm64-musl": ["@oxlint/linux-arm64-musl@0.16.12", "", { "os": "linux", "cpu": "arm64" }, "sha512-MoG1SIw4RGowsOsPjm5HjRWymisRZWBea7ewMoXA5xIVQ3eqECifG0KJW0OZp96Ad8DFBEavdlNuImB2uXsMwg=="],

    "@oxlint/linux-x64-gnu": ["@oxlint/linux-x64-gnu@0.16.12", "", { "os": "linux", "cpu": "x64" }, "sha512-STho8QdMLfn/0lqRU94tGPaYX8lGJccPbqeUcEr3eK5gZ5ZBdXmiHlvkcngXFEXksYC8/5VoJN7Vf3HsmkEskw=="],

    "@oxlint/linux-x64-musl": ["@oxlint/linux-x64-musl@0.16.12", "", { "os": "linux", "cpu": "x64" }, "sha512-i7pzSoj9nCg/ZzOe8dCZeFWyRRWDylR9tIX04xRTq3G6PBLm6i9VrOdEkxbgM9+pCkRzUc0a9D7rbtCF34TQUA=="],

    "@oxlint/win32-arm64": ["@oxlint/win32-arm64@0.16.12", "", { "os": "win32", "cpu": "arm64" }, "sha512-wcxq3IBJ7ZlONlXJxQM+7EMx+LX1nkz3ZS3R0EtDM76EOZaqe8BMkW5cXVhF8jarZTZC18oKAckW4Ng9d8adBg=="],

    "@oxlint/win32-x64": ["@oxlint/win32-x64@0.16.12", "", { "os": "win32", "cpu": "x64" }, "sha512-Ae1fx7wmAcMVqzS8rLINaFRpAdh29QzHh133bEYMHzfWBYyK/hLu9g4GLwC/lEIVQu9884b8qutGfdOk6Qia3w=="],

    "@types/bun": ["@types/bun@1.3.6", "", { "dependencies": { "bun-types": "1.3.6" } }, "sha512-uWCv6FO/8LcpREhenN1d1b6fcspAB+cefwD7uti8C8VffIv0Um08TKMn98FynpTiU38+y2dUO55T11NgDt8VAA=="],

    "@types/chrome": ["@types/chrome@0.0.287", "", { "dependencies": { "@types/filesystem": "*", "@types/har-format": "*" } }, "sha512-wWhBNPNXZHwycHKNYnexUcpSbrihVZu++0rdp6GEk5ZgAglenLx+RwdEouh6FrHS0XQiOxSd62yaujM1OoQlZQ=="],

    "@types/filesystem": ["@types/filesystem@0.0.36", "", { "dependencies": { "@types/filewriter": "*" } }, "sha512-vPDXOZuannb9FZdxgHnqSwAG/jvdGM8Wq+6N4D/d80z+D4HWH+bItqsZaVRQykAn6WEVeEkLm2oQigyHtgb0RA=="],

    "@types/filewriter": ["@types/filewriter@0.0.33", "", {}, "sha512-xFU8ZXTw4gd358lb2jw25nxY9QAgqn2+bKKjKOYfNCzN4DKCFetK7sPtrlpg66Ywe3vWY9FNxprZawAh9wfJ3g=="],

    "@types/har-format": ["@types/har-format@1.2.16", "", {}, "sha512-fluxdy7ryD3MV6h8pTfTYpy/xQzCFC7m89nOH9y94cNqJ1mDIDPut7MnRHI3F6qRmh/cT2fUjG1MLdCNb4hE9A=="],

    "@types/node": ["@types/node@25.0.8", "", { "dependencies": { "undici-types": "~7.16.0" } }, "sha512-powIePYMmC3ibL0UJ2i2s0WIbq6cg6UyVFQxSCpaPxxzAaziRfimGivjdF943sSGV6RADVbk0Nvlm5P/FB44Zg=="],

    "bun-types": ["bun-types@1.3.6", "", { "dependencies": { "@types/node": "*" } }, "sha512-OlFwHcnNV99r//9v5IIOgQ9Uk37gZqrNMCcqEaExdkVq3Avwqok1bJFmvGMCkCE0FqzdY8VMOZpfpR3lwI+CsQ=="],

    "oxlint": ["oxlint@0.16.12", "", { "optionalDependencies": { "@oxlint/darwin-arm64": "0.16.12", "@oxlint/darwin-x64": "0.16.12", "@oxlint/linux-arm64-gnu": "0.16.12", "@oxlint/linux-arm64-musl": "0.16.12", "@oxlint/linux-x64-gnu": "0.16.12", "@oxlint/linux-x64-musl": "0.16.12", "@oxlint/win32-arm64": "0.16.12", "@oxlint/win32-x64": "0.16.12" }, "bin": { "oxlint": "bin/oxlint", "oxc_language_server": "bin/oxc_language_server" } }, "sha512-1oN3P9bzE90zkbjLTc+uICVLwSR+eQaDaYVipS0BtmtmEd3ccQue0y7npCinb35YqKzIv1LZxhoU9nm5fgmQuw=="],

    "typescript": ["typescript@5.9.3", "", { "bin": { "tsc": "bin/tsc", "tsserver": "bin/tsserver" } }, "sha512-jl1vZzPDinLr9eUt3J/t7V6FgNEw9QjvBPdysz9KfQDD41fQrC2Y4vKQdiaUpFT4bXlb1RHhLpp8wtm6M5TgSw=="],

    "undici-types": ["undici-types@7.16.0", "", {}, "sha512-Zz+aZWSj8LE6zoxD+xrjh4VfkIG8Ya6LvYkZqtUQGJPZjYl53ypCaUwWqo7eI0x66KBGeRo+mlBEkMSeSZ38Nw=="],
  }
}
